
Microsoft Visual Studio Solution File, Format Version 12.00
# Visual Studio Version 16
VisualStudioVersion = 16.0.30204.135
MinimumVisualStudioVersion = 10.0.40219.1
Project("{FAE04EC0-301F-11D3-BF4B-00C04F79EFBC}") = "54939", "54939\54939.csproj", "{B6782B37-9165-47EC-B3CB-E49BF5EF03D9}"
EndProject
Global
	GlobalSection(SolutionConfigurationPlatforms) = preSolution
		Debug|Any CPU = Debug|Any CPU
		Release|Any CPU = Release|Any CPU
	EndGlobalSection
	GlobalSection(ProjectConfigurationPlatforms) = postSolution
		{B6782B37-9165-47EC-B3CB-E49BF5EF03D9}.Debug|Any CPU.ActiveCfg = Debug|Any CPU
		{B6782B37-9165-47EC-B3CB-E49BF5EF03D9}.Debug|Any CPU.Build.0 = Debug|Any CPU
		{B6782B37-9165-47EC-B3CB-E49BF5EF03D9}.Release|Any CPU.ActiveCfg = Release|Any CPU
		{B6782B37-9165-47EC-B3CB-E49BF5EF03D9}.Release|Any CPU.Build.0 = Release|Any CPU
	EndGlobalSection
	GlobalSection(SolutionProperties) = preSolution
		HideSolutionNode = FALSE
	EndGlobalSection
	GlobalSection(ExtensibilityGlobals) = postSolution
		SolutionGuid = {36C175C4-74F7-42F8-8D68-140D4016C971}
	EndGlobalSection
EndGlobal
